
Microsoft Visual Studio Solution File, Format Version 12.00
# Visual Studio Version 18
VisualStudioVersion = 18.3.11520.95
MinimumVisualStudioVersion = 10.0.40219.1
Project("{FAE04EC0-301F-11D3-BF4B-00C04F79EFBC}") = "OpenKSeF.Domain", "OpenKSeF.Domain\OpenKSeF.Domain.csproj", "{887745ED-6841-4C92-AF1F-6AAB3CADFD89}"
EndProject
Project("{FAE04EC0-301F-11D3-BF4B-00C04F79EFBC}") = "OpenKSeF.Api", "OpenKSeF.Api\OpenKSeF.Api.csproj", "{9B0BEA01-E1C6-4BF4-BADC-E357D13555BB}"
EndProject
Project("{FAE04EC0-301F-11D3-BF4B-00C04F79EFBC}") = "OpenKSeF.Worker", "OpenKSeF.Worker\OpenKSeF.Worker.csproj", "{5B6D724B-457B-4647-90B7-E43EEAEE232F}"
EndProject
Project("{FAE04EC0-301F-11D3-BF4B-00C04F79EFBC}") = "OpenKSeF.Domain.Tests", "OpenKSeF.Domain.Tests\OpenKSeF.Domain.Tests.csproj", "{9525FF53-CAA7-44A7-AA74-AD40102158CC}"
EndProject
Project("{FAE04EC0-301F-11D3-BF4B-00C04F79EFBC}") = "OpenKSeF.Portal", "OpenKSeF.Portal\OpenKSeF.Portal.csproj", "{EF203A98-A573-4B4F-B3F3-60F247D66EDC}"
EndProject
Project("{FAE04EC0-301F-11D3-BF4B-00C04F79EFBC}") = "OpenKSeF.Api.Tests", "OpenKSeF.Api.Tests\OpenKSeF.Api.Tests.csproj", "{C791AED4-D470-4901-ADF3-A2712B68D0F2}"
EndProject
Project("{FAE04EC0-301F-11D3-BF4B-00C04F79EFBC}") = "OpenKSeF.Portal.Tests", "OpenKSeF.Portal.Tests\OpenKSeF.Portal.Tests.csproj", "{7A28E089-63F2-43AF-BE5E-F529D66D962D}"
EndProject
Project("{FAE04EC0-301F-11D3-BF4B-00C04F79EFBC}") = "OpenKSeF.Portal.E2E", "OpenKSeF.Portal.E2E\OpenKSeF.Portal.E2E.csproj", "{D53E6540-6DCC-4986-B2B0-4F4A3A7F1AF2}"
EndProject
Project("{FAE04EC0-301F-11D3-BF4B-00C04F79EFBC}") = "OpenKSeF.Sync", "OpenKSeF.Sync\OpenKSeF.Sync.csproj", "{0AA3F55F-0ABE-4C48-B951-00DD69FB69AA}"
EndProject
Project("{FAE04EC0-301F-11D3-BF4B-00C04F79EFBC}") = "OpenKSeF.Api.IntegrationTests", "OpenKSeF.Api.IntegrationTests\OpenKSeF.Api.IntegrationTests.csproj", "{BF61D74F-AB72-4951-B454-296E1E86CF5E}"
EndProject
Global
	GlobalSection(SolutionConfigurationPlatforms) = preSolution
		Debug|Any CPU = Debug|Any CPU
		Debug|x64 = Debug|x64
		Debug|x86 = Debug|x86
		Release|Any CPU = Release|Any CPU
		Release|x64 = Release|x64
		Release|x86 = Release|x86
	EndGlobalSection
	GlobalSection(ProjectConfigurationPlatforms) = postSolution
		{887745ED-6841-4C92-AF1F-6AAB3CADFD89}.Debug|Any CPU.ActiveCfg = Debug|Any CPU
		{887745ED-6841-4C92-AF1F-6AAB3CADFD89}.Debug|Any CPU.Build.0 = Debug|Any CPU
		{887745ED-6841-4C92-AF1F-6AAB3CADFD89}.Debug|x64.ActiveCfg = Debug|Any CPU
		{887745ED-6841-4C92-AF1F-6AAB3CADFD89}.Debug|x64.Build.0 = Debug|Any CPU
		{887745ED-6841-4C92-AF1F-6AAB3CADFD89}.Debug|x86.ActiveCfg = Debug|Any CPU
		{887745ED-6841-4C92-AF1F-6AAB3CADFD89}.Debug|x86.Build.0 = Debug|Any CPU
		{887745ED-6841-4C92-AF1F-6AAB3CADFD89}.Release|Any CPU.ActiveCfg = Release|Any CPU
		{887745ED-6841-4C92-AF1F-6AAB3CADFD89}.Release|Any CPU.Build.0 = Release|Any CPU
		{887745ED-6841-4C92-AF1F-6AAB3CADFD89}.Release|x64.ActiveCfg = Release|Any CPU
		{887745ED-6841-4C92-AF1F-6AAB3CADFD89}.Release|x64.Build.0 = Release|Any CPU
		{887745ED-6841-4C92-AF1F-6AAB3CADFD89}.Release|x86.ActiveCfg = Release|Any CPU
		{887745ED-6841-4C92-AF1F-6AAB3CADFD89}.Release|x86.Build.0 = Release|Any CPU
		{9B0BEA01-E1C6-4BF4-BADC-E357D13555BB}.Debug|Any CPU.ActiveCfg = Debug|Any CPU
		{9B0BEA01-E1C6-4BF4-BADC-E357D13555BB}.Debug|Any CPU.Build.0 = Debug|Any CPU
		{9B0BEA01-E1C6-4BF4-BADC-E357D13555BB}.Debug|x64.ActiveCfg = Debug|Any CPU
		{9B0BEA01-E1C6-4BF4-BADC-E357D13555BB}.Debug|x64.Build.0 = Debug|Any CPU
		{9B0BEA01-E1C6-4BF4-BADC-E357D13555BB}.Debug|x86.ActiveCfg = Debug|Any CPU
		{9B0BEA01-E1C6-4BF4-BADC-E357D13555BB}.Debug|x86.Build.0 = Debug|Any CPU
		{9B0BEA01-E1C6-4BF4-BADC-E357D13555BB}.Release|Any CPU.ActiveCfg = Release|Any CPU
		{9B0BEA01-E1C6-4BF4-BADC-E357D13555BB}.Release|Any CPU.Build.0 = Release|Any CPU
		{9B0BEA01-E1C6-4BF4-BADC-E357D13555BB}.Release|x64.ActiveCfg = Release|Any CPU
		{9B0BEA01-E1C6-4BF4-BADC-E357D13555BB}.Release|x64.Build.0 = Release|Any CPU
		{9B0BEA01-E1C6-4BF4-BADC-E357D13555BB}.Release|x86.ActiveCfg = Release|Any CPU
		{9B0BEA01-E1C6-4BF4-BADC-E357D13555BB}.Release|x86.Build.0 = Release|Any CPU
		{5B6D724B-457B-4647-90B7-E43EEAEE232F}.Debug|Any CPU.ActiveCfg = Debug|Any CPU
		{5B6D724B-457B-4647-90B7-E43EEAEE232F}.Debug|Any CPU.Build.0 = Debug|Any CPU
		{5B6D724B-457B-4647-90B7-E43EEAEE232F}.Debug|x64.ActiveCfg = Debug|Any CPU
		{5B6D724B-457B-4647-90B7-E43EEAEE232F}.Debug|x64.Build.0 = Debug|Any CPU
		{5B6D724B-457B-4647-90B7-E43EEAEE232F}.Debug|x86.ActiveCfg = Debug|Any CPU
		{5B6D724B-457B-4647-90B7-E43EEAEE232F}.Debug|x86.Build.0 = Debug|Any CPU
		{5B6D724B-457B-4647-90B7-E43EEAEE232F}.Release|Any CPU.ActiveCfg = Release|Any CPU
		{5B6D724B-457B-4647-90B7-E43EEAEE232F}.Release|Any CPU.Build.0 = Release|Any CPU
		{5B6D724B-457B-4647-90B7-E43EEAEE232F}.Release|x64.ActiveCfg = Release|Any CPU
		{5B6D724B-457B-4647-90B7-E43EEAEE232F}.Release|x64.Build.0 = Release|Any CPU
		{5B6D724B-457B-4647-90B7-E43EEAEE232F}.Release|x86.ActiveCfg = Release|Any CPU
		{5B6D724B-457B-4647-90B7-E43EEAEE232F}.Release|x86.Build.0 = Release|Any CPU
		{9525FF53-CAA7-44A7-AA74-AD40102158CC}.Debug|Any CPU.ActiveCfg = Debug|Any CPU
		{9525FF53-CAA7-44A7-AA74-AD40102158CC}.Debug|Any CPU.Build.0 = Debug|Any CPU
		{9525FF53-CAA7-44A7-AA74-AD40102158CC}.Debug|x64.ActiveCfg = Debug|Any CPU
		{9525FF53-CAA7-44A7-AA74-AD40102158CC}.Debug|x64.Build.0 = Debug|Any CPU
		{9525FF53-CAA7-44A7-AA74-AD40102158CC}.Debug|x86.ActiveCfg = Debug|Any CPU
		{9525FF53-CAA7-44A7-AA74-AD40102158CC}.Debug|x86.Build.0 = Debug|Any CPU
		{9525FF53-CAA7-44A7-AA74-AD40102158CC}.Release|Any CPU.ActiveCfg = Release|Any CPU
		{9525FF53-CAA7-44A7-AA74-AD40102158CC}.Release|Any CPU.Build.0 = Release|Any CPU
		{9525FF53-CAA7-44A7-AA74-AD40102158CC}.Release|x64.ActiveCfg = Release|Any CPU
		{9525FF53-CAA7-44A7-AA74-AD40102158CC}.Release|x64.Build.0 = Release|Any CPU
		{9525FF53-CAA7-44A7-AA74-AD40102158CC}.Release|x86.ActiveCfg = Release|Any CPU
		{9525FF53-CAA7-44A7-AA74-AD40102158CC}.Release|x86.Build.0 = Release|Any CPU
		{EF203A98-A573-4B4F-B3F3-60F247D66EDC}.Debug|Any CPU.ActiveCfg = Debug|Any CPU
		{EF203A98-A573-4B4F-B3F3-60F247D66EDC}.Debug|x64.ActiveCfg = Debug|Any CPU
		{EF203A98-A573-4B4F-B3F3-60F247D66EDC}.Debug|x64.Build.0 = Debug|Any CPU
		{EF203A98-A573-4B4F-B3F3-60F247D66EDC}.Debug|x86.ActiveCfg = Debug|Any CPU
		{EF203A98-A573-4B4F-B3F3-60F247D66EDC}.Debug|x86.Build.0 = Debug|Any CPU
		{EF203A98-A573-4B4F-B3F3-60F247D66EDC}.Release|Any CPU.ActiveCfg = Release|Any CPU
		{EF203A98-A573-4B4F-B3F3-60F247D66EDC}.Release|x64.ActiveCfg = Release|Any CPU
		{EF203A98-A573-4B4F-B3F3-60F247D66EDC}.Release|x64.Build.0 = Release|Any CPU
		{EF203A98-A573-4B4F-B3F3-60F247D66EDC}.Release|x86.ActiveCfg = Release|Any CPU
		{EF203A98-A573-4B4F-B3F3-60F247D66EDC}.Release|x86.Build.0 = Release|Any CPU
		{C791AED4-D470-4901-ADF3-A2712B68D0F2}.Debug|Any CPU.ActiveCfg = Debug|Any CPU
		{C791AED4-D470-4901-ADF3-A2712B68D0F2}.Debug|Any CPU.Build.0 = Debug|Any CPU
		{C791AED4-D470-4901-ADF3-A2712B68D0F2}.Debug|x64.ActiveCfg = Debug|Any CPU
		{C791AED4-D470-4901-ADF3-A2712B68D0F2}.Debug|x64.Build.0 = Debug|Any CPU
		{C791AED4-D470-4901-ADF3-A2712B68D0F2}.Debug|x86.ActiveCfg = Debug|Any CPU
		{C791AED4-D470-4901-ADF3-A2712B68D0F2}.Debug|x86.Build.0 = Debug|Any CPU
		{C791AED4-D470-4901-ADF3-A2712B68D0F2}.Release|Any CPU.ActiveCfg = Release|Any CPU
		{C791AED4-D470-4901-ADF3-A2712B68D0F2}.Release|Any CPU.Build.0 = Release|Any CPU
		{C791AED4-D470-4901-ADF3-A2712B68D0F2}.Release|x64.ActiveCfg = Release|Any CPU
		{C791AED4-D470-4901-ADF3-A2712B68D0F2}.Release|x64.Build.0 = Release|Any CPU
		{C791AED4-D470-4901-ADF3-A2712B68D0F2}.Release|x86.ActiveCfg = Release|Any CPU
		{C791AED4-D470-4901-ADF3-A2712B68D0F2}.Release|x86.Build.0 = Release|Any CPU
		{7A28E089-63F2-43AF-BE5E-F529D66D962D}.Debug|Any CPU.ActiveCfg = Debug|Any CPU
		{7A28E089-63F2-43AF-BE5E-F529D66D962D}.Debug|x64.ActiveCfg = Debug|Any CPU
		{7A28E089-63F2-43AF-BE5E-F529D66D962D}.Debug|x64.Build.0 = Debug|Any CPU
		{7A28E089-63F2-43AF-BE5E-F529D66D962D}.Debug|x86.ActiveCfg = Debug|Any CPU
		{7A28E089-63F2-43AF-BE5E-F529D66D962D}.Debug|x86.Build.0 = Debug|Any CPU
		{7A28E089-63F2-43AF-BE5E-F529D66D962D}.Release|Any CPU.ActiveCfg = Release|Any CPU
		{7A28E089-63F2-43AF-BE5E-F529D66D962D}.Release|x64.ActiveCfg = Release|Any CPU
		{7A28E089-63F2-43AF-BE5E-F529D66D962D}.Release|x64.Build.0 = Release|Any CPU
		{7A28E089-63F2-43AF-BE5E-F529D66D962D}.Release|x86.ActiveCfg = Release|Any CPU
		{7A28E089-63F2-43AF-BE5E-F529D66D962D}.Release|x86.Build.0 = Release|Any CPU
		{D53E6540-6DCC-4986-B2B0-4F4A3A7F1AF2}.Debug|Any CPU.ActiveCfg = Debug|Any CPU
		{D53E6540-6DCC-4986-B2B0-4F4A3A7F1AF2}.Debug|x64.ActiveCfg = Debug|Any CPU
		{D53E6540-6DCC-4986-B2B0-4F4A3A7F1AF2}.Debug|x64.Build.0 = Debug|Any CPU
		{D53E6540-6DCC-4986-B2B0-4F4A3A7F1AF2}.Debug|x86.ActiveCfg = Debug|Any CPU
		{D53E6540-6DCC-4986-B2B0-4F4A3A7F1AF2}.Debug|x86.Build.0 = Debug|Any CPU
		{D53E6540-6DCC-4986-B2B0-4F4A3A7F1AF2}.Release|Any CPU.ActiveCfg = Release|Any CPU
		{D53E6540-6DCC-4986-B2B0-4F4A3A7F1AF2}.Release|x64.ActiveCfg = Release|Any CPU
		{D53E6540-6DCC-4986-B2B0-4F4A3A7F1AF2}.Release|x64.Build.0 = Release|Any CPU
		{D53E6540-6DCC-4986-B2B0-4F4A3A7F1AF2}.Release|x86.ActiveCfg = Release|Any CPU
		{D53E6540-6DCC-4986-B2B0-4F4A3A7F1AF2}.Release|x86.Build.0 = Release|Any CPU
		{0AA3F55F-0ABE-4C48-B951-00DD69FB69AA}.Debug|Any CPU.ActiveCfg = Debug|Any CPU
		{0AA3F55F-0ABE-4C48-B951-00DD69FB69AA}.Debug|Any CPU.Build.0 = Debug|Any CPU
		{0AA3F55F-0ABE-4C48-B951-00DD69FB69AA}.Debug|x64.ActiveCfg = Debug|Any CPU
		{0AA3F55F-0ABE-4C48-B951-00DD69FB69AA}.Debug|x64.Build.0 = Debug|Any CPU
		{0AA3F55F-0ABE-4C48-B951-00DD69FB69AA}.Debug|x86.ActiveCfg = Debug|Any CPU
		{0AA3F55F-0ABE-4C48-B951-00DD69FB69AA}.Debug|x86.Build.0 = Debug|Any CPU
		{0AA3F55F-0ABE-4C48-B951-00DD69FB69AA}.Release|Any CPU.ActiveCfg = Release|Any CPU
		{0AA3F55F-0ABE-4C48-B951-00DD69FB69AA}.Release|Any CPU.Build.0 = Release|Any CPU
		{0AA3F55F-0ABE-4C48-B951-00DD69FB69AA}.Release|x64.ActiveCfg = Release|Any CPU
		{0AA3F55F-0ABE-4C48-B951-00DD69FB69AA}.Release|x64.Build.0 = Release|Any CPU
		{0AA3F55F-0ABE-4C48-B951-00DD69FB69AA}.Release|x86.ActiveCfg = Release|Any CPU
		{0AA3F55F-0ABE-4C48-B951-00DD69FB69AA}.Release|x86.Build.0 = Release|Any CPU
		{BF61D74F-AB72-4951-B454-296E1E86CF5E}.Debug|Any CPU.ActiveCfg = Debug|Any CPU
		{BF61D74F-AB72-4951-B454-296E1E86CF5E}.Debug|Any CPU.Build.0 = Debug|Any CPU
		{BF61D74F-AB72-4951-B454-296E1E86CF5E}.Debug|x64.ActiveCfg = Debug|Any CPU
		{BF61D74F-AB72-4951-B454-296E1E86CF5E}.Debug|x64.Build.0 = Debug|Any CPU
		{BF61D74F-AB72-4951-B454-296E1E86CF5E}.Debug|x86.ActiveCfg = Debug|Any CPU
		{BF61D74F-AB72-4951-B454-296E1E86CF5E}.Debug|x86.Build.0 = Debug|Any CPU
		{BF61D74F-AB72-4951-B454-296E1E86CF5E}.Release|Any CPU.ActiveCfg = Release|Any CPU
		{BF61D74F-AB72-4951-B454-296E1E86CF5E}.Release|Any CPU.Build.0 = Release|Any CPU
		{BF61D74F-AB72-4951-B454-296E1E86CF5E}.Release|x64.ActiveCfg = Release|Any CPU
		{BF61D74F-AB72-4951-B454-296E1E86CF5E}.Release|x64.Build.0 = Release|Any CPU
		{BF61D74F-AB72-4951-B454-296E1E86CF5E}.Release|x86.ActiveCfg = Release|Any CPU
		{BF61D74F-AB72-4951-B454-296E1E86CF5E}.Release|x86.Build.0 = Release|Any CPU
	EndGlobalSection
	GlobalSection(SolutionProperties) = preSolution
		HideSolutionNode = FALSE
	EndGlobalSection
EndGlobal
